
Microsoft Visual Studio Solution File, Format Version 12.00
# Visual Studio 15
VisualStudioVersion = 15.0.28307.1169
MinimumVisualStudioVersion = 10.0.40219.1
Project("{FAE04EC0-301F-11D3-BF4B-00C04F79EFBC}") = "TestApplication", "TestApplication\TestApplication.csproj", "{262853A5-BE9F-4801-BA9E-CA72AFC13E7E}"
EndProject
Project("{FAE04EC0-301F-11D3-BF4B-00C04F79EFBC}") = "Myunittest", "Myunittest\Myunittest.csproj", "{1738928D-7C91-4EE3-B96A-16AEF06AE642}"
EndProject
Global
	GlobalSection(SolutionConfigurationPlatforms) = preSolution
		Debug|Any CPU = Debug|Any CPU
		Release|Any CPU = Release|Any CPU
	EndGlobalSection
	GlobalSection(ProjectConfigurationPlatforms) = postSolution
		{262853A5-BE9F-4801-BA9E-CA72AFC13E7E}.Debug|Any CPU.ActiveCfg = Debug|Any CPU
		{262853A5-BE9F-4801-BA9E-CA72AFC13E7E}.Debug|Any CPU.Build.0 = Debug|Any CPU
		{262853A5-BE9F-4801-BA9E-CA72AFC13E7E}.Release|Any CPU.ActiveCfg = Release|Any CPU
		{262853A5-BE9F-4801-BA9E-CA72AFC13E7E}.Release|Any CPU.Build.0 = Release|Any CPU
		{1738928D-7C91-4EE3-B96A-16AEF06AE642}.Debug|Any CPU.ActiveCfg = Debug|Any CPU
		{1738928D-7C91-4EE3-B96A-16AEF06AE642}.Debug|Any CPU.Build.0 = Debug|Any CPU
		{1738928D-7C91-4EE3-B96A-16AEF06AE642}.Release|Any CPU.ActiveCfg = Release|Any CPU
		{1738928D-7C91-4EE3-B96A-16AEF06AE642}.Release|Any CPU.Build.0 = Release|Any CPU
	EndGlobalSection
	GlobalSection(SolutionProperties) = preSolution
		HideSolutionNode = FALSE
	EndGlobalSection
	GlobalSection(ExtensibilityGlobals) = postSolution
		SolutionGuid = {02AC5686-5AA2-4A4C-B9CC-5D52C42BE87F}
	EndGlobalSection
EndGlobal
